dependencies:
  app:
    dependencies: []
    source:
      path: components/app
      type: local
    version: '*'
  connectivity:
    dependencies: []
    source:
      path: components/connectivity
      type: local
    version: '*'
  display_lvgl:
    dependencies:
    - name: lvgl/lvgl
      version: ^9.2.0
    source:
      path: components/display_lvgl
      type: local
    version: '*'
  esphome/esp-hub75:
    component_hash: 6e7613a5e6f7b1eba9dad2415371f0453dca2ce4da173b59537ad6f36ca7bea5
    dependencies:
    - name: idf
      version: '>=4.4.0'
    source:
      git: https://github.com/esphome-libs/esp-hub75.git
      path: components/hub75
      type: git
    targets:
    - esp32
    - esp32s2
    - esp32s3
    - esp32c6
    - esp32p4
    version: c68ea7887f747b62f8f44053991203073a2f1ef0
  hub75_driver:
    dependencies:
    - git: https://github.com/esphome-libs/esp-hub75.git
      name: esphome/esp-hub75
      path: components/hub75
      version: '*'
    source:
      path: components/hub75_driver
      type: local
    version: '*'
  idf:
    source:
      type: idf
    version: 6.1.0
  lvgl/lvgl:
    component_hash: 184e532558c1c45fefed631f3e235423d22582aafb4630f3e8885c35281a49ae
    dependencies: []
    source:
      registry_url: https://components.espressif.com/
      type: service
    version: 9.5.0
  storage:
    dependencies: []
    source:
      path: components/storage
      type: local
    version: '*'
direct_dependencies:
- app
- connectivity
- display_lvgl
- esphome/esp-hub75
- hub75_driver
- lvgl/lvgl
- storage
manifest_hash: 72b956fc38b8d452d411da4b436a5d8bf580051041a28a7d1cd006cb160ada9d
target: esp32s3
version: 3.0.0
